
Microsoft Visual Studio Solution File, Format Version 12.00
# Visual Studio 15
VisualStudioVersion = 15.0.28307.852
MinimumVisualStudioVersion = 10.0.40219.1
Project("{FAE04EC0-301F-11D3-BF4B-00C04F79EFBC}") = "vodApi", "vodApi\vodApi.csproj", "{9B554220-E563-40C8-91AE-AAA8DC8E31CF}"
EndProject
Project("{FAE04EC0-301F-11D3-BF4B-00C04F79EFBC}") = "vod.Domain.Services", "vod.Domain.Services\vod.Domain.Services.csproj", "{520D0664-F37C-4921-93A5-6B55DE16E42C}"
EndProject
Project("{FAE04EC0-301F-11D3-BF4B-00C04F79EFBC}") = "vod.Domain.Services.Boundary", "vod.Domain.Services.Boundary\vod.Domain.Services.Boundary.csproj", "{7CA4EFC0-F3B9-42AA-BB2A-35425D86AC70}"
EndProject
Project("{FAE04EC0-301F-11D3-BF4B-00C04F79EFBC}") = "vod.Core", "vod.Core\vod.Core.csproj", "{8A1033DF-6094-4721-B0C2-E806F8151352}"
EndProject
Project("{FAE04EC0-301F-11D3-BF4B-00C04F79EFBC}") = "vod.Core.Boundary", "vod.Core.Boundary\vod.Core.Boundary.csproj", "{C65B22B2-D968-4105-B1A5-3DEC066AF31A}"
EndProject
Global
	GlobalSection(SolutionConfigurationPlatforms) = preSolution
		Debug|Any CPU = Debug|Any CPU
		Release|Any CPU = Release|Any CPU
	EndGlobalSection
	GlobalSection(ProjectConfigurationPlatforms) = postSolution
		{9B554220-E563-40C8-91AE-AAA8DC8E31CF}.Debug|Any CPU.ActiveCfg = Debug|Any CPU
		{9B554220-E563-40C8-91AE-AAA8DC8E31CF}.Debug|Any CPU.Build.0 = Debug|Any CPU
		{9B554220-E563-40C8-91AE-AAA8DC8E31CF}.Release|Any CPU.ActiveCfg = Release|Any CPU
		{9B554220-E563-40C8-91AE-AAA8DC8E31CF}.Release|Any CPU.Build.0 = Release|Any CPU
		{520D0664-F37C-4921-93A5-6B55DE16E42C}.Debug|Any CPU.ActiveCfg = Debug|Any CPU
		{520D0664-F37C-4921-93A5-6B55DE16E42C}.Debug|Any CPU.Build.0 = Debug|Any CPU
		{520D0664-F37C-4921-93A5-6B55DE16E42C}.Release|Any CPU.ActiveCfg = Release|Any CPU
		{520D0664-F37C-4921-93A5-6B55DE16E42C}.Release|Any CPU.Build.0 = Release|Any CPU
		{7CA4EFC0-F3B9-42AA-BB2A-35425D86AC70}.Debug|Any CPU.ActiveCfg = Debug|Any CPU
		{7CA4EFC0-F3B9-42AA-BB2A-35425D86AC70}.Debug|Any CPU.Build.0 = Debug|Any CPU
		{7CA4EFC0-F3B9-42AA-BB2A-35425D86AC70}.Release|Any CPU.ActiveCfg = Release|Any CPU
		{7CA4EFC0-F3B9-42AA-BB2A-35425D86AC70}.Release|Any CPU.Build.0 = Release|Any CPU
		{8A1033DF-6094-4721-B0C2-E806F8151352}.Debug|Any CPU.ActiveCfg = Debug|Any CPU
		{8A1033DF-6094-4721-B0C2-E806F8151352}.Debug|Any CPU.Build.0 = Debug|Any CPU
		{8A1033DF-6094-4721-B0C2-E806F8151352}.Release|Any CPU.ActiveCfg = Release|Any CPU
		{8A1033DF-6094-4721-B0C2-E806F8151352}.Release|Any CPU.Build.0 = Release|Any CPU
		{C65B22B2-D968-4105-B1A5-3DEC066AF31A}.Debug|Any CPU.ActiveCfg = Debug|Any CPU
		{C65B22B2-D968-4105-B1A5-3DEC066AF31A}.Debug|Any CPU.Build.0 = Debug|Any CPU
		{C65B22B2-D968-4105-B1A5-3DEC066AF31A}.Release|Any CPU.ActiveCfg = Release|Any CPU
		{C65B22B2-D968-4105-B1A5-3DEC066AF31A}.Release|Any CPU.Build.0 = Release|Any CPU
	EndGlobalSection
	GlobalSection(SolutionProperties) = preSolution
		HideSolutionNode = FALSE
	EndGlobalSection
	GlobalSection(ExtensibilityGlobals) = postSolution
		SolutionGuid = {34A24FA4-D91F-44A5-B101-DC35006022AC}
	EndGlobalSection
EndGlobal
